
Microsoft Visual Studio Solution File, Format Version 12.00
# Visual Studio Version 16
VisualStudioVersion = 16.0.30225.117
MinimumVisualStudioVersion = 10.0.40219.1
Project("{FAE04EC0-301F-11D3-BF4B-00C04F79EFBC}") = "Car", "Car\Car.csproj", "{6E5158C2-C26B-44C8-AD92-A40C3EC1EE23}"
EndProject
Global
	GlobalSection(SolutionConfigurationPlatforms) = preSolution
		Debug|Any CPU = Debug|Any CPU
		Release|Any CPU = Release|Any CPU
	EndGlobalSection
	GlobalSection(ProjectConfigurationPlatforms) = postSolution
		{6E5158C2-C26B-44C8-AD92-A40C3EC1EE23}.Debug|Any CPU.ActiveCfg = Debug|Any CPU
		{6E5158C2-C26B-44C8-AD92-A40C3EC1EE23}.Debug|Any CPU.Build.0 = Debug|Any CPU
		{6E5158C2-C26B-44C8-AD92-A40C3EC1EE23}.Release|Any CPU.ActiveCfg = Release|Any CPU
		{6E5158C2-C26B-44C8-AD92-A40C3EC1EE23}.Release|Any CPU.Build.0 = Release|Any CPU
	EndGlobalSection
	GlobalSection(SolutionProperties) = preSolution
		HideSolutionNode = FALSE
	EndGlobalSection
	GlobalSection(ExtensibilityGlobals) = postSolution
		SolutionGuid = {C3473F46-A56A-481A-802F-9DEA5CCEF216}
	EndGlobalSection
EndGlobal
